<?xml version="1.0" encoding="utf-8"?>
<Project ToolsVersion="4.0" xmlns="http://schemas.microsoft.com/developer/msbuild/2003">
  <ItemGroup>
    <Filter Include="Source Files">
      <UniqueIdentifier>{4FC737F1-C7A5-4376-A066-2A32D752A2FF}</UniqueIdentifier>
      <Extensions>cpp;c;cc;cxx;c++;cppm;ixx;def;odl;idl;hpj;bat;asm;asmx</Extensions>
    </Filter>
    <Filter Include="Header Files">
      <UniqueIdentifier>{93995380-89BD-4b04-88EB-625FBE52EBFB}</UniqueIdentifier>
      <Extensions>h;hh;hpp;hxx;h++;hm;inl;inc;ipp;xsd</Extensions>
    </Filter>
    <Filter Include="Resource Files">
      <UniqueIdentifier>{67DA6AB6-F800-4c08-8B7A-83BB121AAD01}</UniqueIdentifier>
      <Extensions>rc;ico;cur;bmp;dlg;rc2;rct;bin;rgs;gif;jpg;jpeg;jpe;resx;tiff;tif;png;wav;mfcribbon-ms</Extensions>
    </Filter>
  </ItemGroup>
  <ItemGroup>
    <ClInclude Include="header\Archer.hpp">
      <Filter>Header Files</Filter>
    </ClInclude>
    <ClInclude Include="header\ArcherFactory.hpp">
      <Filter>Header Files</Filter>
    </ClInclude>
    <ClInclude Include="header\ArcherGoblin.hpp">
      <Filter>Header Files</Filter>
    </ClInclude>
    <ClInclude Include="header\Armor.hpp">
      <Filter>Header Files</Filter>
    </ClInclude>
    <ClInclude Include="header\Bow.hpp">
      <Filter>Header Files</Filter>
    </ClInclude>
    <ClInclude Include="header\cApp.h">
      <Filter>Header Files</Filter>
    </ClInclude>
    <ClInclude Include="header\Chain.hpp">
      <Filter>Header Files</Filter>
    </ClInclude>
    <ClInclude Include="header\CharacterType.hpp">
      <Filter>Header Files</Filter>
    </ClInclude>
    <ClInclude Include="header\CharacterTypeFactory.hpp">
      <Filter>Header Files</Filter>
    </ClInclude>
    <ClInclude Include="header\cMain.h">
      <Filter>Header Files</Filter>
    </ClInclude>
    <ClInclude Include="header\Enemy.hpp">
      <Filter>Header Files</Filter>
    </ClInclude>
    <ClInclude Include="header\ExploreState.hpp">
      <Filter>Header Files</Filter>
    </ClInclude>
    <ClInclude Include="header\FightState.hpp">
      <Filter>Header Files</Filter>
    </ClInclude>
    <ClInclude Include="header\Leather.hpp">
      <Filter>Header Files</Filter>
    </ClInclude>
    <ClInclude Include="header\Mage.hpp">
      <Filter>Header Files</Filter>
    </ClInclude>
    <ClInclude Include="header\MageFactory.hpp">
      <Filter>Header Files</Filter>
    </ClInclude>
    <ClInclude Include="header\MageGoblin.hpp">
      <Filter>Header Files</Filter>
    </ClInclude>
    <ClInclude Include="header\Robes.hpp">
      <Filter>Header Files</Filter>
    </ClInclude>
    <ClInclude Include="header\ShopState.hpp">
      <Filter>Header Files</Filter>
    </ClInclude>
    <ClInclude Include="header\State.hpp">
      <Filter>Header Files</Filter>
    </ClInclude>
    <ClInclude Include="header\Sword.hpp">
      <Filter>Header Files</Filter>
    </ClInclude>
    <ClInclude Include="header\Wand.hpp">
      <Filter>Header Files</Filter>
    </ClInclude>
    <ClInclude Include="header\Warrior.hpp">
      <Filter>Header Files</Filter>
    </ClInclude>
    <ClInclude Include="header\WarriorFactory.hpp">
      <Filter>Header Files</Filter>
    </ClInclude>
    <ClInclude Include="header\WarriorGoblin.hpp">
      <Filter>Header Files</Filter>
    </ClInclude>
    <ClInclude Include="header\Weapon.hpp">
      <Filter>Header Files</Filter>
    </ClInclude>
  </ItemGroup>
  <ItemGroup>
    <ClCompile Include="src\cApp.cpp">
      <Filter>Source Files</Filter>
    </ClCompile>
    <ClCompile Include="src\cMain.cpp">
      <Filter>Source Files</Filter>
    </ClCompile>
    <ClCompile Include="src\Enemy.cpp">
      <Filter>Source Files</Filter>
    </ClCompile>
    <ClCompile Include="src\ExploreState.cpp">
      <Filter>Source Files</Filter>
    </ClCompile>
    <ClCompile Include="src\FightState.cpp">
      <Filter>Source Files</Filter>
    </ClCompile>
    <ClCompile Include="src\Game.cpp">
      <Filter>Source Files</Filter>
    </ClCompile>
    <ClCompile Include="src\main.cpp">
      <Filter>Source Files</Filter>
    </ClCompile>
    <ClCompile Include="src\ShopState.cpp">
      <Filter>Source Files</Filter>
    </ClCompile>
    <ClCompile Include="src\WarriorGoblin.cpp">
      <Filter>Source Files</Filter>
    </ClCompile>
  </ItemGroup>
  <ItemGroup>
    <Image Include="assets\archer_iron_armor.png">
      <Filter>Resource Files</Filter>
    </Image>
    <Image Include="assets\archer_leather_armor.png">
      <Filter>Resource Files</Filter>
    </Image>
    <Image Include="assets\coin.png">
      <Filter>Resource Files</Filter>
    </Image>
    <Image Include="assets\health_potion.png">
      <Filter>Resource Files</Filter>
    </Image>
    <Image Include="assets\heart.png">
      <Filter>Resource Files</Filter>
    </Image>
    <Image Include="assets\mage_amethyst_armor.png">
      <Filter>Resource Files</Filter>
    </Image>
    <Image Include="assets\mage_golden_armor.png">
      <Filter>Resource Files</Filter>
    </Image>
    <Image Include="assets\no_armor.png">
      <Filter>Resource Files</Filter>
    </Image>
    <Image Include="assets\warrior_copper_armor.png">
      <Filter>Resource Files</Filter>
    </Image>
    <Image Include="assets\warrior_diamond_armor.png">
      <Filter>Resource Files</Filter>
    </Image>
    <Image Include="AbstractFactory (1).png">
      <Filter>Resource Files</Filter>
    </Image>
    <Image Include="State.png">
      <Filter>Resource Files</Filter>
    </Image>
  </ItemGroup>
  <ItemGroup>
    <None Include=".gitignore" />
    <None Include="README.md" />
  </ItemGroup>
</Project>